
Microsoft Visual Studio Solution File, Format Version 12.00
# Visual Studio Version 17
VisualStudioVersion = 17.8.34330.188
MinimumVisualStudioVersion = 10.0.40219.1
Project("{9A19103F-16F7-4668-BE54-9A1E7A4F7556}") = "Q1", "Q1\Q1.csproj", "{840086C5-5E88-458A-808E-2C941E223C29}"
EndProject
Project("{9A19103F-16F7-4668-BE54-9A1E7A4F7556}") = "Q2", "Q2\Q2.csproj", "{FC6EEC71-329A-4609-9127-D86931DC8D71}"
EndProject
Global
	GlobalSection(SolutionConfigurationPlatforms) = preSolution
		Debug|Any CPU = Debug|Any CPU
		Release|Any CPU = Release|Any CPU
	EndGlobalSection
	GlobalSection(ProjectConfigurationPlatforms) = postSolution
		{840086C5-5E88-458A-808E-2C941E223C29}.Debug|Any CPU.ActiveCfg = Debug|Any CPU
		{840086C5-5E88-458A-808E-2C941E223C29}.Debug|Any CPU.Build.0 = Debug|Any CPU
		{840086C5-5E88-458A-808E-2C941E223C29}.Release|Any CPU.ActiveCfg = Release|Any CPU
		{840086C5-5E88-458A-808E-2C941E223C29}.Release|Any CPU.Build.0 = Release|Any CPU
		{FC6EEC71-329A-4609-9127-D86931DC8D71}.Debug|Any CPU.ActiveCfg = Debug|Any CPU
		{FC6EEC71-329A-4609-9127-D86931DC8D71}.Debug|Any CPU.Build.0 = Debug|Any CPU
		{FC6EEC71-329A-4609-9127-D86931DC8D71}.Release|Any CPU.ActiveCfg = Release|Any CPU
		{FC6EEC71-329A-4609-9127-D86931DC8D71}.Release|Any CPU.Build.0 = Release|Any CPU
	EndGlobalSection
	GlobalSection(SolutionProperties) = preSolution
		HideSolutionNode = FALSE
	EndGlobalSection
	GlobalSection(ExtensibilityGlobals) = postSolution
		SolutionGuid = {63C72111-3062-4093-A7CD-579F0371B201}
	EndGlobalSection
EndGlobal
